// !$*UTF8*$!
{
	archiveVersion = 1;
	classes = {
	};
	objectVersion = 56;
	objects = {

/* Begin PBXBuildFile section */
		3C29EDE62922646D00DEF7E0 /* TheNewsApp.swift in Sources */ = {isa = PBXBuildFile; fileRef = 3C29EDE52922646D00DEF7E0 /* TheNewsApp.swift */; };
		3C29EDED2922646D00DEF7E0 /* Preview Assets.xcassets in Resources */ = {isa = PBXBuildFile; fileRef = 3C29EDEC2922646D00DEF7E0 /* Preview Assets.xcassets */; };
		3C29EDF72922646E00DEF7E0 /* TheNewsTests.swift in Sources */ = {isa = PBXBuildFile; fileRef = 3C29EDF62922646E00DEF7E0 /* TheNewsTests.swift */; };
		3C29EE012922646E00DEF7E0 /* TheNewsUITests.swift in Sources */ = {isa = PBXBuildFile; fileRef = 3C29EE002922646E00DEF7E0 /* TheNewsUITests.swift */; };
		3C29EE032922646E00DEF7E0 /* TheNewsUITestsLaunchTests.swift in Sources */ = {isa = PBXBuildFile; fileRef = 3C29EE022922646E00DEF7E0 /* TheNewsUITestsLaunchTests.swift */; };
		3C29EE79292264B700DEF7E0 /* BaseRequest.swift in Sources */ = {isa = PBXBuildFile; fileRef = 3C29EE4A292264B700DEF7E0 /* BaseRequest.swift */; };
		3C29EE7A292264B700DEF7E0 /* NetworkEnums.swift in Sources */ = {isa = PBXBuildFile; fileRef = 3C29EE4B292264B700DEF7E0 /* NetworkEnums.swift */; };
		3C29EE7B292264B700DEF7E0 /* NetworkExtensions.swift in Sources */ = {isa = PBXBuildFile; fileRef = 3C29EE4C292264B700DEF7E0 /* NetworkExtensions.swift */; };
		3C29EE7C292264B700DEF7E0 /* ApiFetcher.swift in Sources */ = {isa = PBXBuildFile; fileRef = 3C29EE4D292264B700DEF7E0 /* ApiFetcher.swift */; };
		3C29EE7D292264B700DEF7E0 /* NetworkMonitor.swift in Sources */ = {isa = PBXBuildFile; fileRef = 3C29EE4E292264B700DEF7E0 /* NetworkMonitor.swift */; };
		3C29EE7E292264B700DEF7E0 /* NetworkConstants.swift in Sources */ = {isa = PBXBuildFile; fileRef = 3C29EE4F292264B700DEF7E0 /* NetworkConstants.swift */; };
		3C29EE7F292264B700DEF7E0 /* NewsRequests.swift in Sources */ = {isa = PBXBuildFile; fileRef = 3C29EE52292264B700DEF7E0 /* NewsRequests.swift */; };
		3C3FC05B29238DEF00F7C019 /* NewsListModel.swift in Sources */ = {isa = PBXBuildFile; fileRef = 3C3FC05A29238DEF00F7C019 /* NewsListModel.swift */; };
		3C3FC05D29238E2600F7C019 /* ArticleModel.swift in Sources */ = {isa = PBXBuildFile; fileRef = 3C3FC05C29238E2600F7C019 /* ArticleModel.swift */; };
		3C3FC0612923A72A00F7C019 /* NewsService.swift in Sources */ = {isa = PBXBuildFile; fileRef = 3C3FC0602923A72A00F7C019 /* NewsService.swift */; };
		3C3FC0642923A80100F7C019 /* ComposableArchitecture in Frameworks */ = {isa = PBXBuildFile; productRef = 3C3FC0632923A80100F7C019 /* ComposableArchitecture */; };
		3C3FC0662923A80100F7C019 /* Dependencies in Frameworks */ = {isa = PBXBuildFile; productRef = 3C3FC0652923A80100F7C019 /* Dependencies */; };
		3C3FC06A2923AC7100F7C019 /* NewsListFeature.swift in Sources */ = {isa = PBXBuildFile; fileRef = 3C3FC0692923AC7100F7C019 /* NewsListFeature.swift */; };
		3C3FC06C2923DF4A00F7C019 /* NewsListView.swift in Sources */ = {isa = PBXBuildFile; fileRef = 3C3FC06B2923DF4A00F7C019 /* NewsListView.swift */; };
		3C8D600A29227709001C95F2 /* Localizable.strings in Resources */ = {isa = PBXBuildFile; fileRef = 3C8D600029227709001C95F2 /* Localizable.strings */; };
		3C8D600B29227709001C95F2 /* Colors.xcassets in Resources */ = {isa = PBXBuildFile; fileRef = 3C8D600229227709001C95F2 /* Colors.xcassets */; };
		3C8D600C29227709001C95F2 /* Images.xcassets in Resources */ = {isa = PBXBuildFile; fileRef = 3C8D600429227709001C95F2 /* Images.xcassets */; };
		3C8D600D29227709001C95F2 /* Montserrat-Medium.ttf in Resources */ = {isa = PBXBuildFile; fileRef = 3C8D600629227709001C95F2 /* Montserrat-Medium.ttf */; };
		3C8D600E29227709001C95F2 /* Montserrat-Light.ttf in Resources */ = {isa = PBXBuildFile; fileRef = 3C8D600729227709001C95F2 /* Montserrat-Light.ttf */; };
		3C8D600F29227709001C95F2 /* Montserrat-Bold.ttf in Resources */ = {isa = PBXBuildFile; fileRef = 3C8D600829227709001C95F2 /* Montserrat-Bold.ttf */; };
		3C8D601029227709001C95F2 /* Montserrat-Regular.ttf in Resources */ = {isa = PBXBuildFile; fileRef = 3C8D600929227709001C95F2 /* Montserrat-Regular.ttf */; };
		3C8D60172922784C001C95F2 /* ColorsConstants.swift in Sources */ = {isa = PBXBuildFile; fileRef = 3C8D60152922784C001C95F2 /* ColorsConstants.swift */; };
		3C8D60182922784C001C95F2 /* ImagesConstants.swift in Sources */ = {isa = PBXBuildFile; fileRef = 3C8D60162922784C001C95F2 /* ImagesConstants.swift */; };
		3C8D601A29227976001C95F2 /* StringsConstants.swift in Sources */ = {isa = PBXBuildFile; fileRef = 3C8D601929227976001C95F2 /* StringsConstants.swift */; };
		3C8D6045292279B7001C95F2 /* Launch Screen.storyboard in Resources */ = {isa = PBXBuildFile; fileRef = 3C8D601D292279B7001C95F2 /* Launch Screen.storyboard */; };
		3C8D6046292279B7001C95F2 /* SettingView.swift in Sources */ = {isa = PBXBuildFile; fileRef = 3C8D601F292279B7001C95F2 /* SettingView.swift */; };
		3C8D6047292279B7001C95F2 /* SplashView.swift in Sources */ = {isa = PBXBuildFile; fileRef = 3C8D6021292279B7001C95F2 /* SplashView.swift */; };
		3C8D6048292279B7001C95F2 /* LanguageSelectionView.swift in Sources */ = {isa = PBXBuildFile; fileRef = 3C8D6023292279B7001C95F2 /* LanguageSelectionView.swift */; };
		3C8D6049292279B7001C95F2 /* TabBarView.swift in Sources */ = {isa = PBXBuildFile; fileRef = 3C8D6025292279B7001C95F2 /* TabBarView.swift */; };
		3C8D604A292279B7001C95F2 /* MasterView.swift in Sources */ = {isa = PBXBuildFile; fileRef = 3C8D6026292279B7001C95F2 /* MasterView.swift */; };
		3C8D604B292279B7001C95F2 /* AppEnums.swift in Sources */ = {isa = PBXBuildFile; fileRef = 3C8D6028292279B7001C95F2 /* AppEnums.swift */; };
		3C8D604C292279B7001C95F2 /* WithViewSate.swift in Sources */ = {isa = PBXBuildFile; fileRef = 3C8D602A292279B7001C95F2 /* WithViewSate.swift */; };
		3C8D604D292279B7001C95F2 /* UnImplmentedView.swift in Sources */ = {isa = PBXBuildFile; fileRef = 3C8D602C292279B7001C95F2 /* UnImplmentedView.swift */; };
		3C8D604E292279B7001C95F2 /* ErrorView.swift in Sources */ = {isa = PBXBuildFile; fileRef = 3C8D602E292279B7001C95F2 /* ErrorView.swift */; };
		3C8D604F292279B7001C95F2 /* Refresher.swift in Sources */ = {isa = PBXBuildFile; fileRef = 3C8D6030292279B7001C95F2 /* Refresher.swift */; };
		3C8D6050292279B7001C95F2 /* BundelExtension.swift in Sources */ = {isa = PBXBuildFile; fileRef = 3C8D6032292279B7001C95F2 /* BundelExtension.swift */; };
		3C8D6051292279B7001C95F2 /* ArrayExtention.swift in Sources */ = {isa = PBXBuildFile; fileRef = 3C8D6033292279B7001C95F2 /* ArrayExtention.swift */; };
		3C8D6052292279B7001C95F2 /* OptionalExtention.swift in Sources */ = {isa = PBXBuildFile; fileRef = 3C8D6034292279B7001C95F2 /* OptionalExtention.swift */; };
		3C8D6053292279B7001C95F2 /* ViewExtension.swift in Sources */ = {isa = PBXBuildFile; fileRef = 3C8D6035292279B7001C95F2 /* ViewExtension.swift */; };
		3C8D6054292279B7001C95F2 /* LocalExtension.swift in Sources */ = {isa = PBXBuildFile; fileRef = 3C8D6036292279B7001C95F2 /* LocalExtension.swift */; };
		3C8D6055292279B7001C95F2 /* StringExtension.swift in Sources */ = {isa = PBXBuildFile; fileRef = 3C8D6037292279B7001C95F2 /* StringExtension.swift */; };
		3C8D6056292279B7001C95F2 /* PublisherExtension.swift in Sources */ = {isa = PBXBuildFile; fileRef = 3C8D6038292279B7001C95F2 /* PublisherExtension.swift */; };
		3C8D6057292279B7001C95F2 /* UINavigationExtenion.swift in Sources */ = {isa = PBXBuildFile; fileRef = 3C8D6039292279B7001C95F2 /* UINavigationExtenion.swift */; };
		3C8D6058292279B7001C95F2 /* AppConstants.swift in Sources */ = {isa = PBXBuildFile; fileRef = 3C8D603A292279B7001C95F2 /* AppConstants.swift */; };
		3C8D6059292279B7001C95F2 /* LocalPreview.swift in Sources */ = {isa = PBXBuildFile; fileRef = 3C8D603C292279B7001C95F2 /* LocalPreview.swift */; };
		3C8D605A292279B7001C95F2 /* LocalizedContentView.swift in Sources */ = {isa = PBXBuildFile; fileRef = 3C8D603D292279B7001C95F2 /* LocalizedContentView.swift */; };
		3C8D605B292279B7001C95F2 /* NetWorkHelper.swift in Sources */ = {isa = PBXBuildFile; fileRef = 3C8D603E292279B7001C95F2 /* NetWorkHelper.swift */; };
		3C8D605C292279B7001C95F2 /* Helpers.swift in Sources */ = {isa = PBXBuildFile; fileRef = 3C8D603F292279B7001C95F2 /* Helpers.swift */; };
		3C8D605D292279B7001C95F2 /* Prefrances.swift in Sources */ = {isa = PBXBuildFile; fileRef = 3C8D6040292279B7001C95F2 /* Prefrances.swift */; };
		3C8D605E292279B7001C95F2 /* PublisherObservableObject.swift in Sources */ = {isa = PBXBuildFile; fileRef = 3C8D6041292279B7001C95F2 /* PublisherObservableObject.swift */; };
		3C8D605F292279B7001C95F2 /* UserDefaults.swift in Sources */ = {isa = PBXBuildFile; fileRef = 3C8D6042292279B7001C95F2 /* UserDefaults.swift */; };
		3C8D6060292279B7001C95F2 /* Unwrap.swift in Sources */ = {isa = PBXBuildFile; fileRef = 3C8D6043292279B7001C95F2 /* Unwrap.swift */; };
		3C8D6061292279B7001C95F2 /* AppFont.swift in Sources */ = {isa = PBXBuildFile; fileRef = 3C8D6044292279B7001C95F2 /* AppFont.swift */; };
		3CD24A532924D9CF009E57BC /* NewsCell.swift in Sources */ = {isa = PBXBuildFile; fileRef = 3CD24A522924D9CF009E57BC /* NewsCell.swift */; };
		3CD24A582924E101009E57BC /* DateFormaterExtension.swift in Sources */ = {isa = PBXBuildFile; fileRef = 3CD24A572924E101009E57BC /* DateFormaterExtension.swift */; };
		3CD24A602924EF36009E57BC /* Kingfisher in Frameworks */ = {isa = PBXBuildFile; productRef = 3CD24A5F2924EF36009E57BC /* Kingfisher */; };
		3CD24A6429254779009E57BC /* NewsDetailsView.swift in Sources */ = {isa = PBXBuildFile; fileRef = 3CD24A6329254779009E57BC /* NewsDetailsView.swift */; };
		3CD24A6629255815009E57BC /* UIApplicationExtension.swift in Sources */ = {isa = PBXBuildFile; fileRef = 3CD24A6529255815009E57BC /* UIApplicationExtension.swift */; };
		3CD24A6929255DC8009E57BC /* ShareSheet.swift in Sources */ = {isa = PBXBuildFile; fileRef = 3CD24A6829255DC8009E57BC /* ShareSheet.swift */; };
/* End PBXBuildFile section */

/* Begin PBXContainerItemProxy section */
		3C29EDF32922646E00DEF7E0 /* PBXContainerItemProxy */ = {
			isa = PBXContainerItemProxy;
			containerPortal = 3C29EDDA2922646D00DEF7E0 /* Project object */;
			proxyType = 1;
			remoteGlobalIDString = 3C29EDE12922646D00DEF7E0;
			remoteInfo = TheNews;
		};
		3C29EDFD2922646E00DEF7E0 /* PBXContainerItemProxy */ = {
			isa = PBXContainerItemProxy;
			containerPortal = 3C29EDDA2922646D00DEF7E0 /* Project object */;
			proxyType = 1;
			remoteGlobalIDString = 3C29EDE12922646D00DEF7E0;
			remoteInfo = TheNews;
		};
/* End PBXContainerItemProxy section */

/* Begin PBXFileReference section */
		3C29EDE22922646D00DEF7E0 /* TheNews.app */ = {isa = PBXFileReference; explicitFileType = wrapper.application; includeInIndex = 0; path = TheNews.app; sourceTree = BUILT_PRODUCTS_DIR; };
		3C29EDE52922646D00DEF7E0 /* TheNewsApp.swift */ = {isa = PBXFileReference; lastKnownFileType = sourcecode.swift; path = TheNewsApp.swift; sourceTree = "<group>"; };
		3C29EDEC2922646D00DEF7E0 /* Preview Assets.xcassets */ = {isa = PBXFileReference; lastKnownFileType = folder.assetcatalog; path = "Preview Assets.xcassets"; sourceTree = "<group>"; };
		3C29EDF22922646E00DEF7E0 /* TheNewsTests.xctest */ = {isa = PBXFileReference; explicitFileType = wrapper.cfbundle; includeInIndex = 0; path = TheNewsTests.xctest; sourceTree = BUILT_PRODUCTS_DIR; };
		3C29EDF62922646E00DEF7E0 /* TheNewsTests.swift */ = {isa = PBXFileReference; lastKnownFileType = sourcecode.swift; path = TheNewsTests.swift; sourceTree = "<group>"; };
		3C29EDFC2922646E00DEF7E0 /* TheNewsUITests.xctest */ = {isa = PBXFileReference; explicitFileType = wrapper.cfbundle; includeInIndex = 0; path = TheNewsUITests.xctest; sourceTree = BUILT_PRODUCTS_DIR; };
		3C29EE002922646E00DEF7E0 /* TheNewsUITests.swift */ = {isa = PBXFileReference; lastKnownFileType = sourcecode.swift; path = TheNewsUITests.swift; sourceTree = "<group>"; };
		3C29EE022922646E00DEF7E0 /* TheNewsUITestsLaunchTests.swift */ = {isa = PBXFileReference; lastKnownFileType = sourcecode.swift; path = TheNewsUITestsLaunchTests.swift; sourceTree = "<group>"; };
		3C29EE0F2922649A00DEF7E0 /* Info.plist */ = {isa = PBXFileReference; lastKnownFileType = text.plist.xml; path = Info.plist; sourceTree = "<group>"; };
		3C29EE4A292264B700DEF7E0 /* BaseRequest.swift */ = {isa = PBXFileReference; fileEncoding = 4; lastKnownFileType = sourcecode.swift; path = BaseRequest.swift; sourceTree = "<group>"; };
		3C29EE4B292264B700DEF7E0 /* NetworkEnums.swift */ = {isa = PBXFileReference; fileEncoding = 4; lastKnownFileType = sourcecode.swift; path = NetworkEnums.swift; sourceTree = "<group>"; };
		3C29EE4C292264B700DEF7E0 /* NetworkExtensions.swift */ = {isa = PBXFileReference; fileEncoding = 4; lastKnownFileType = sourcecode.swift; path = NetworkExtensions.swift; sourceTree = "<group>"; };
		3C29EE4D292264B700DEF7E0 /* ApiFetcher.swift */ = {isa = PBXFileReference; fileEncoding = 4; lastKnownFileType = sourcecode.swift; path = ApiFetcher.swift; sourceTree = "<group>"; };
		3C29EE4E292264B700DEF7E0 /* NetworkMonitor.swift */ = {isa = PBXFileReference; fileEncoding = 4; lastKnownFileType = sourcecode.swift; path = NetworkMonitor.swift; sourceTree = "<group>"; };
		3C29EE4F292264B700DEF7E0 /* NetworkConstants.swift */ = {isa = PBXFileReference; fileEncoding = 4; lastKnownFileType = sourcecode.swift; path = NetworkConstants.swift; sourceTree = "<group>"; };
		3C29EE52292264B700DEF7E0 /* NewsRequests.swift */ = {isa = PBXFileReference; fileEncoding = 4; lastKnownFileType = sourcecode.swift; path = NewsRequests.swift; sourceTree = "<group>"; };
		3C3FC05A29238DEF00F7C019 /* NewsListModel.swift */ = {isa = PBXFileReference; lastKnownFileType = sourcecode.swift; path = NewsListModel.swift; sourceTree = "<group>"; };
		3C3FC05C29238E2600F7C019 /* ArticleModel.swift */ = {isa = PBXFileReference; lastKnownFileType = sourcecode.swift; path = ArticleModel.swift; sourceTree = "<group>"; };
		3C3FC0602923A72A00F7C019 /* NewsService.swift */ = {isa = PBXFileReference; lastKnownFileType = sourcecode.swift; path = NewsService.swift; sourceTree = "<group>"; };
		3C3FC0692923AC7100F7C019 /* NewsListFeature.swift */ = {isa = PBXFileReference; lastKnownFileType = sourcecode.swift; path = NewsListFeature.swift; sourceTree = "<group>"; };
		3C3FC06B2923DF4A00F7C019 /* NewsListView.swift */ = {isa = PBXFileReference; lastKnownFileType = sourcecode.swift; path = NewsListView.swift; sourceTree = "<group>"; };
		3C8D600129227709001C95F2 /* de */ = {isa = PBXFileReference; lastKnownFileType = text.plist.strings; name = de; path = de.lproj/Localizable.strings; sourceTree = "<group>"; };
		3C8D600229227709001C95F2 /* Colors.xcassets */ = {isa = PBXFileReference; lastKnownFileType = folder.assetcatalog; path = Colors.xcassets; sourceTree = "<group>"; };
		3C8D600329227709001C95F2 /* en */ = {isa = PBXFileReference; lastKnownFileType = text.plist.strings; name = en; path = en.lproj/Localizable.strings; sourceTree = "<group>"; };
		3C8D600429227709001C95F2 /* Images.xcassets */ = {isa = PBXFileReference; lastKnownFileType = folder.assetcatalog; path = Images.xcassets; sourceTree = "<group>"; };
		3C8D600629227709001C95F2 /* Montserrat-Medium.ttf */ = {isa = PBXFileReference; lastKnownFileType = file; path = "Montserrat-Medium.ttf"; sourceTree = "<group>"; };
		3C8D600729227709001C95F2 /* Montserrat-Light.ttf */ = {isa = PBXFileReference; lastKnownFileType = file; path = "Montserrat-Light.ttf"; sourceTree = "<group>"; };
		3C8D600829227709001C95F2 /* Montserrat-Bold.ttf */ = {isa = PBXFileReference; lastKnownFileType = file; path = "Montserrat-Bold.ttf"; sourceTree = "<group>"; };
		3C8D600929227709001C95F2 /* Montserrat-Regular.ttf */ = {isa = PBXFileReference; lastKnownFileType = file; path = "Montserrat-Regular.ttf"; sourceTree = "<group>"; };
		3C8D60152922784C001C95F2 /* ColorsConstants.swift */ = {isa = PBXFileReference; fileEncoding = 4; lastKnownFileType = sourcecode.swift; path = ColorsConstants.swift; sourceTree = "<group>"; };
		3C8D60162922784C001C95F2 /* ImagesConstants.swift */ = {isa = PBXFileReference; fileEncoding = 4; lastKnownFileType = sourcecode.swift; path = ImagesConstants.swift; sourceTree = "<group>"; };
		3C8D601929227976001C95F2 /* StringsConstants.swift */ = {isa = PBXFileReference; fileEncoding = 4; lastKnownFileType = sourcecode.swift; path = StringsConstants.swift; sourceTree = "<group>"; };
		3C8D601D292279B7001C95F2 /* Launch Screen.storyboard */ = {isa = PBXFileReference; fileEncoding = 4; lastKnownFileType = file.storyboard; path = "Launch Screen.storyboard"; sourceTree = "<group>"; };
		3C8D601F292279B7001C95F2 /* SettingView.swift */ = {isa = PBXFileReference; fileEncoding = 4; lastKnownFileType = sourcecode.swift; path = SettingView.swift; sourceTree = "<group>"; };
		3C8D6021292279B7001C95F2 /* SplashView.swift */ = {isa = PBXFileReference; fileEncoding = 4; lastKnownFileType = sourcecode.swift; path = SplashView.swift; sourceTree = "<group>"; };
		3C8D6023292279B7001C95F2 /* LanguageSelectionView.swift */ = {isa = PBXFileReference; fileEncoding = 4; lastKnownFileType = sourcecode.swift; path = LanguageSelectionView.swift; sourceTree = "<group>"; };
		3C8D6025292279B7001C95F2 /* TabBarView.swift */ = {isa = PBXFileReference; fileEncoding = 4; lastKnownFileType = sourcecode.swift; path = TabBarView.swift; sourceTree = "<group>"; };
		3C8D6026292279B7001C95F2 /* MasterView.swift */ = {isa = PBXFileReference; fileEncoding = 4; lastKnownFileType = sourcecode.swift; path = MasterView.swift; sourceTree = "<group>"; };
		3C8D6028292279B7001C95F2 /* AppEnums.swift */ = {isa = PBXFileReference; fileEncoding = 4; lastKnownFileType = sourcecode.swift; path = AppEnums.swift; sourceTree = "<group>"; };
		3C8D602A292279B7001C95F2 /* WithViewSate.swift */ = {isa = PBXFileReference; fileEncoding = 4; lastKnownFileType = sourcecode.swift; path = WithViewSate.swift; sourceTree = "<group>"; };
		3C8D602C292279B7001C95F2 /* UnImplmentedView.swift */ = {isa = PBXFileReference; fileEncoding = 4; lastKnownFileType = sourcecode.swift; path = UnImplmentedView.swift; sourceTree = "<group>"; };
		3C8D602E292279B7001C95F2 /* ErrorView.swift */ = {isa = PBXFileReference; fileEncoding = 4; lastKnownFileType = sourcecode.swift; path = ErrorView.swift; sourceTree = "<group>"; };
		3C8D6030292279B7001C95F2 /* Refresher.swift */ = {isa = PBXFileReference; fileEncoding = 4; lastKnownFileType = sourcecode.swift; path = Refresher.swift; sourceTree = "<group>"; };
		3C8D6032292279B7001C95F2 /* BundelExtension.swift */ = {isa = PBXFileReference; fileEncoding = 4; lastKnownFileType = sourcecode.swift; path = BundelExtension.swift; sourceTree = "<group>"; };
		3C8D6033292279B7001C95F2 /* ArrayExtention.swift */ = {isa = PBXFileReference; fileEncoding = 4; lastKnownFileType = sourcecode.swift; path = ArrayExtention.swift; sourceTree = "<group>"; };
		3C8D6034292279B7001C95F2 /* OptionalExtention.swift */ = {isa = PBXFileReference; fileEncoding = 4; lastKnownFileType = sourcecode.swift; path = OptionalExtention.swift; sourceTree = "<group>"; };
		3C8D6035292279B7001C95F2 /* ViewExtension.swift */ = {isa = PBXFileReference; fileEncoding = 4; lastKnownFileType = sourcecode.swift; path = ViewExtension.swift; sourceTree = "<group>"; };
		3C8D6036292279B7001C95F2 /* LocalExtension.swift */ = {isa = PBXFileReference; fileEncoding = 4; lastKnownFileType = sourcecode.swift; path = LocalExtension.swift; sourceTree = "<group>"; };
		3C8D6037292279B7001C95F2 /* StringExtension.swift */ = {isa = PBXFileReference; fileEncoding = 4; lastKnownFileType = sourcecode.swift; path = StringExtension.swift; sourceTree = "<group>"; };
		3C8D6038292279B7001C95F2 /* PublisherExtension.swift */ = {isa = PBXFileReference; fileEncoding = 4; lastKnownFileType = sourcecode.swift; path = PublisherExtension.swift; sourceTree = "<group>"; };
		3C8D6039292279B7001C95F2 /* UINavigationExtenion.swift */ = {isa = PBXFileReference; fileEncoding = 4; lastKnownFileType = sourcecode.swift; path = UINavigationExtenion.swift; sourceTree = "<group>"; };
		3C8D603A292279B7001C95F2 /* AppConstants.swift */ = {isa = PBXFileReference; fileEncoding = 4; lastKnownFileType = sourcecode.swift; path = AppConstants.swift; sourceTree = "<group>"; };
		3C8D603C292279B7001C95F2 /* LocalPreview.swift */ = {isa = PBXFileReference; fileEncoding = 4; lastKnownFileType = sourcecode.swift; path = LocalPreview.swift; sourceTree = "<group>"; };
		3C8D603D292279B7001C95F2 /* LocalizedContentView.swift */ = {isa = PBXFileReference; fileEncoding = 4; lastKnownFileType = sourcecode.swift; path = LocalizedContentView.swift; sourceTree = "<group>"; };
		3C8D603E292279B7001C95F2 /* NetWorkHelper.swift */ = {isa = PBXFileReference; fileEncoding = 4; lastKnownFileType = sourcecode.swift; path = NetWorkHelper.swift; sourceTree = "<group>"; };
		3C8D603F292279B7001C95F2 /* Helpers.swift */ = {isa = PBXFileReference; fileEncoding = 4; lastKnownFileType = sourcecode.swift; path = Helpers.swift; sourceTree = "<group>"; };
		3C8D6040292279B7001C95F2 /* Prefrances.swift */ = {isa = PBXFileReference; fileEncoding = 4; lastKnownFileType = sourcecode.swift; path = Prefrances.swift; sourceTree = "<group>"; };
		3C8D6041292279B7001C95F2 /* PublisherObservableObject.swift */ = {isa = PBXFileReference; fileEncoding = 4; lastKnownFileType = sourcecode.swift; path = PublisherObservableObject.swift; sourceTree = "<group>"; };
		3C8D6042292279B7001C95F2 /* UserDefaults.swift */ = {isa = PBXFileReference; fileEncoding = 4; lastKnownFileType = sourcecode.swift; path = UserDefaults.swift; sourceTree = "<group>"; };
		3C8D6043292279B7001C95F2 /* Unwrap.swift */ = {isa = PBXFileReference; fileEncoding = 4; lastKnownFileType = sourcecode.swift; path = Unwrap.swift; sourceTree = "<group>"; };
		3C8D6044292279B7001C95F2 /* AppFont.swift */ = {isa = PBXFileReference; fileEncoding = 4; lastKnownFileType = sourcecode.swift; path = AppFont.swift; sourceTree = "<group>"; };
		3CD24A522924D9CF009E57BC /* NewsCell.swift */ = {isa = PBXFileReference; lastKnownFileType = sourcecode.swift; path = NewsCell.swift; sourceTree = "<group>"; };
		3CD24A572924E101009E57BC /* DateFormaterExtension.swift */ = {isa = PBXFileReference; lastKnownFileType = sourcecode.swift; path = DateFormaterExtension.swift; sourceTree = "<group>"; };
		3CD24A6329254779009E57BC /* NewsDetailsView.swift */ = {isa = PBXFileReference; lastKnownFileType = sourcecode.swift; path = NewsDetailsView.swift; sourceTree = "<group>"; };
		3CD24A6529255815009E57BC /* UIApplicationExtension.swift */ = {isa = PBXFileReference; lastKnownFileType = sourcecode.swift; path = UIApplicationExtension.swift; sourceTree = "<group>"; };
		3CD24A6829255DC8009E57BC /* ShareSheet.swift */ = {isa = PBXFileReference; lastKnownFileType = sourcecode.swift; path = ShareSheet.swift; sourceTree = "<group>"; };
/* End PBXFileReference section */

/* Begin PBXFrameworksBuildPhase section */
		3C29EDDF2922646D00DEF7E0 /* Frameworks */ = {
			isa = PBXFrameworksBuildPhase;
			buildActionMask = 2147483647;
			files = (
				3CD24A602924EF36009E57BC /* Kingfisher in Frameworks */,
				3C3FC0642923A80100F7C019 /* ComposableArchitecture in Frameworks */,
				3C3FC0662923A80100F7C019 /* Dependencies in Frameworks */,
			);
			runOnlyForDeploymentPostprocessing = 0;
		};
		3C29EDEF2922646E00DEF7E0 /* Frameworks */ = {
			isa = PBXFrameworksBuildPhase;
			buildActionMask = 2147483647;
			files = (
			);
			runOnlyForDeploymentPostprocessing = 0;
		};
		3C29EDF92922646E00DEF7E0 /* Frameworks */ = {
			isa = PBXFrameworksBuildPhase;
			buildActionMask = 2147483647;
			files = (
			);
			runOnlyForDeploymentPostprocessing = 0;
		};
/* End PBXFrameworksBuildPhase section */

/* Begin PBXGroup section */
		3C29EDD92922646D00DEF7E0 = {
			isa = PBXGroup;
			children = (
				3C29EDE42922646D00DEF7E0 /* TheNews */,
				3C29EDF52922646E00DEF7E0 /* TheNewsTests */,
				3C29EDFF2922646E00DEF7E0 /* TheNewsUITests */,
				3C29EDE32922646D00DEF7E0 /* Products */,
			);
			sourceTree = "<group>";
		};
		3C29EDE32922646D00DEF7E0 /* Products */ = {
			isa = PBXGroup;
			children = (
				3C29EDE22922646D00DEF7E0 /* TheNews.app */,
				3C29EDF22922646E00DEF7E0 /* TheNewsTests.xctest */,
				3C29EDFC2922646E00DEF7E0 /* TheNewsUITests.xctest */,
			);
			name = Products;
			sourceTree = "<group>";
		};
		3C29EDE42922646D00DEF7E0 /* TheNews */ = {
			isa = PBXGroup;
			children = (
				3C8D601B292279B7001C95F2 /* Scenes */,
				3C3FC05E2923A70E00F7C019 /* Services */,
				3C3FC05829238DD600F7C019 /* Model */,
				3C8D6027292279B7001C95F2 /* Utilities */,
				3C8D5FFE29227709001C95F2 /* Resources */,
				3C29EE48292264B700DEF7E0 /* Network */,
				3C29EE84292264F900DEF7E0 /* App */,
				3C29EDEB2922646D00DEF7E0 /* Preview Content */,
			);
			path = TheNews;
			sourceTree = "<group>";
		};
		3C29EDEB2922646D00DEF7E0 /* Preview Content */ = {
			isa = PBXGroup;
			children = (
				3C29EDEC2922646D00DEF7E0 /* Preview Assets.xcassets */,
			);
			path = "Preview Content";
			sourceTree = "<group>";
		};
		3C29EDF52922646E00DEF7E0 /* TheNewsTests */ = {
			isa = PBXGroup;
			children = (
				3C29EDF62922646E00DEF7E0 /* TheNewsTests.swift */,
			);
			path = TheNewsTests;
			sourceTree = "<group>";
		};
		3C29EDFF2922646E00DEF7E0 /* TheNewsUITests */ = {
			isa = PBXGroup;
			children = (
				3C29EE002922646E00DEF7E0 /* TheNewsUITests.swift */,
				3C29EE022922646E00DEF7E0 /* TheNewsUITestsLaunchTests.swift */,
			);
			path = TheNewsUITests;
			sourceTree = "<group>";
		};
		3C29EE48292264B700DEF7E0 /* Network */ = {
			isa = PBXGroup;
			children = (
				3C29EE49292264B700DEF7E0 /* NetworkManager */,
				3C29EE50292264B700DEF7E0 /* Requests */,
			);
			path = Network;
			sourceTree = "<group>";
		};
		3C29EE49292264B700DEF7E0 /* NetworkManager */ = {
			isa = PBXGroup;
			children = (
				3C29EE4A292264B700DEF7E0 /* BaseRequest.swift */,
				3C29EE4B292264B700DEF7E0 /* NetworkEnums.swift */,
				3C29EE4C292264B700DEF7E0 /* NetworkExtensions.swift */,
				3C29EE4D292264B700DEF7E0 /* ApiFetcher.swift */,
				3C29EE4E292264B700DEF7E0 /* NetworkMonitor.swift */,
				3C29EE4F292264B700DEF7E0 /* NetworkConstants.swift */,
			);
			path = NetworkManager;
			sourceTree = "<group>";
		};
		3C29EE50292264B700DEF7E0 /* Requests */ = {
			isa = PBXGroup;
			children = (
				3C29EE51292264B700DEF7E0 /* News */,
			);
			path = Requests;
			sourceTree = "<group>";
		};
		3C29EE51292264B700DEF7E0 /* News */ = {
			isa = PBXGroup;
			children = (
				3C29EE52292264B700DEF7E0 /* NewsRequests.swift */,
			);
			path = News;
			sourceTree = "<group>";
		};
		3C29EE84292264F900DEF7E0 /* App */ = {
			isa = PBXGroup;
			children = (
				3C29EE0F2922649A00DEF7E0 /* Info.plist */,
				3C29EDE52922646D00DEF7E0 /* TheNewsApp.swift */,
			);
			path = App;
			sourceTree = "<group>";
		};
		3C3FC05829238DD600F7C019 /* Model */ = {
			isa = PBXGroup;
			children = (
				3C3FC05929238DE000F7C019 /* News */,
			);
			path = Model;
			sourceTree = "<group>";
		};
		3C3FC05929238DE000F7C019 /* News */ = {
			isa = PBXGroup;
			children = (
				3C3FC05A29238DEF00F7C019 /* NewsListModel.swift */,
				3C3FC05C29238E2600F7C019 /* ArticleModel.swift */,
			);
			path = News;
			sourceTree = "<group>";
		};
		3C3FC05E2923A70E00F7C019 /* Services */ = {
			isa = PBXGroup;
			children = (
				3C3FC05F2923A71700F7C019 /* News */,
			);
			path = Services;
			sourceTree = "<group>";
		};
		3C3FC05F2923A71700F7C019 /* News */ = {
			isa = PBXGroup;
			children = (
				3C3FC0602923A72A00F7C019 /* NewsService.swift */,
			);
			path = News;
			sourceTree = "<group>";
		};
		3C3FC0672923AC4800F7C019 /* News */ = {
			isa = PBXGroup;
			children = (
				3CD24A6129254760009E57BC /* NewsDetails */,
				3C3FC0682923AC6000F7C019 /* NewsList */,
			);
			path = News;
			sourceTree = "<group>";
		};
		3C3FC0682923AC6000F7C019 /* NewsList */ = {
			isa = PBXGroup;
			children = (
				3CD24A512924D9AF009E57BC /* Cell */,
				3C3FC0692923AC7100F7C019 /* NewsListFeature.swift */,
				3C3FC06B2923DF4A00F7C019 /* NewsListView.swift */,
			);
			path = NewsList;
			sourceTree = "<group>";
		};
		3C8D5FFE29227709001C95F2 /* Resources */ = {
			isa = PBXGroup;
			children = (
				3C8D600029227709001C95F2 /* Localizable.strings */,
				3C8D600229227709001C95F2 /* Colors.xcassets */,
				3C8D600429227709001C95F2 /* Images.xcassets */,
				3C8D5FFF29227709001C95F2 /* Generated */,
				3C8D600529227709001C95F2 /* Fonts */,
			);
			path = Resources;
			sourceTree = "<group>";
		};
		3C8D5FFF29227709001C95F2 /* Generated */ = {
			isa = PBXGroup;
			children = (
				3C8D601929227976001C95F2 /* StringsConstants.swift */,
				3C8D60152922784C001C95F2 /* ColorsConstants.swift */,
				3C8D60162922784C001C95F2 /* ImagesConstants.swift */,
			);
			path = Generated;
			sourceTree = "<group>";
		};
		3C8D600529227709001C95F2 /* Fonts */ = {
			isa = PBXGroup;
			children = (
				3C8D600629227709001C95F2 /* Montserrat-Medium.ttf */,
				3C8D600729227709001C95F2 /* Montserrat-Light.ttf */,
				3C8D600829227709001C95F2 /* Montserrat-Bold.ttf */,
				3C8D600929227709001C95F2 /* Montserrat-Regular.ttf */,
			);
			path = Fonts;
			sourceTree = "<group>";
		};
		3C8D601B292279B7001C95F2 /* Scenes */ = {
			isa = PBXGroup;
			children = (
				3C3FC0672923AC4800F7C019 /* News */,
				3C8D601E292279B7001C95F2 /* Settings */,
				3C8D6024292279B7001C95F2 /* TabBar */,
				3C8D6022292279B7001C95F2 /* LanguageSelection */,
				3C8D6020292279B7001C95F2 /* Splash */,
				3C8D601C292279B7001C95F2 /* LaunchScreen */,
				3C8D6026292279B7001C95F2 /* MasterView.swift */,
			);
			path = Scenes;
			sourceTree = "<group>";
		};
		3C8D601C292279B7001C95F2 /* LaunchScreen */ = {
			isa = PBXGroup;
			children = (
				3C8D601D292279B7001C95F2 /* Launch Screen.storyboard */,
			);
			path = LaunchScreen;
			sourceTree = "<group>";
		};
		3C8D601E292279B7001C95F2 /* Settings */ = {
			isa = PBXGroup;
			children = (
				3C8D601F292279B7001C95F2 /* SettingView.swift */,
			);
			path = Settings;
			sourceTree = "<group>";
		};
		3C8D6020292279B7001C95F2 /* Splash */ = {
			isa = PBXGroup;
			children = (
				3C8D6021292279B7001C95F2 /* SplashView.swift */,
			);
			path = Splash;
			sourceTree = "<group>";
		};
		3C8D6022292279B7001C95F2 /* LanguageSelection */ = {
			isa = PBXGroup;
			children = (
				3C8D6023292279B7001C95F2 /* LanguageSelectionView.swift */,
			);
			path = LanguageSelection;
			sourceTree = "<group>";
		};
		3C8D6024292279B7001C95F2 /* TabBar */ = {
			isa = PBXGroup;
			children = (
				3C8D6025292279B7001C95F2 /* TabBarView.swift */,
			);
			path = TabBar;
			sourceTree = "<group>";
		};
		3C8D6027292279B7001C95F2 /* Utilities */ = {
			isa = PBXGroup;
			children = (
				3C8D6028292279B7001C95F2 /* AppEnums.swift */,
				3C8D603A292279B7001C95F2 /* AppConstants.swift */,
				3C8D6044292279B7001C95F2 /* AppFont.swift */,
				3C8D6029292279B7001C95F2 /* Reusables Views */,
				3C8D6031292279B7001C95F2 /* Extensions */,
				3C8D603B292279B7001C95F2 /* Helpers */,
			);
			path = Utilities;
			sourceTree = "<group>";
		};
		3C8D6029292279B7001C95F2 /* Reusables Views */ = {
			isa = PBXGroup;
			children = (
				3CD24A6729255DBA009E57BC /* ShareSheet */,
				3C8D602A292279B7001C95F2 /* WithViewSate.swift */,
				3C8D602B292279B7001C95F2 /* UnImplementedView */,
				3C8D602D292279B7001C95F2 /* ErrorView */,
				3C8D602F292279B7001C95F2 /* Refresher */,
			);
			path = "Reusables Views";
			sourceTree = "<group>";
		};
		3C8D602B292279B7001C95F2 /* UnImplementedView */ = {
			isa = PBXGroup;
			children = (
				3C8D602C292279B7001C95F2 /* UnImplmentedView.swift */,
			);
			path = UnImplementedView;
			sourceTree = "<group>";
		};
		3C8D602D292279B7001C95F2 /* ErrorView */ = {
			isa = PBXGroup;
			children = (
				3C8D602E292279B7001C95F2 /* ErrorView.swift */,
			);
			path = ErrorView;
			sourceTree = "<group>";
		};
		3C8D602F292279B7001C95F2 /* Refresher */ = {
			isa = PBXGroup;
			children = (
				3C8D6030292279B7001C95F2 /* Refresher.swift */,
			);
			path = Refresher;
			sourceTree = "<group>";
		};
		3C8D6031292279B7001C95F2 /* Extensions */ = {
			isa = PBXGroup;
			children = (
				3C8D6032292279B7001C95F2 /* BundelExtension.swift */,
				3C8D6033292279B7001C95F2 /* ArrayExtention.swift */,
				3C8D6034292279B7001C95F2 /* OptionalExtention.swift */,
				3C8D6035292279B7001C95F2 /* ViewExtension.swift */,
				3C8D6036292279B7001C95F2 /* LocalExtension.swift */,
				3C8D6037292279B7001C95F2 /* StringExtension.swift */,
				3C8D6038292279B7001C95F2 /* PublisherExtension.swift */,
				3C8D6039292279B7001C95F2 /* UINavigationExtenion.swift */,
				3CD24A572924E101009E57BC /* DateFormaterExtension.swift */,
				3CD24A6529255815009E57BC /* UIApplicationExtension.swift */,
			);
			path = Extensions;
			sourceTree = "<group>";
		};
		3C8D603B292279B7001C95F2 /* Helpers */ = {
			isa = PBXGroup;
			children = (
				3C8D603C292279B7001C95F2 /* LocalPreview.swift */,
				3C8D603D292279B7001C95F2 /* LocalizedContentView.swift */,
				3C8D603E292279B7001C95F2 /* NetWorkHelper.swift */,
				3C8D603F292279B7001C95F2 /* Helpers.swift */,
				3C8D6040292279B7001C95F2 /* Prefrances.swift */,
				3C8D6041292279B7001C95F2 /* PublisherObservableObject.swift */,
				3C8D6042292279B7001C95F2 /* UserDefaults.swift */,
				3C8D6043292279B7001C95F2 /* Unwrap.swift */,
			);
			path = Helpers;
			sourceTree = "<group>";
		};
		3CD24A512924D9AF009E57BC /* Cell */ = {
			isa = PBXGroup;
			children = (
				3CD24A522924D9CF009E57BC /* NewsCell.swift */,
			);
			path = Cell;
			sourceTree = "<group>";
		};
		3CD24A6129254760009E57BC /* NewsDetails */ = {
			isa = PBXGroup;
			children = (
				3CD24A6329254779009E57BC /* NewsDetailsView.swift */,
			);
			path = NewsDetails;
			sourceTree = "<group>";
		};
		3CD24A6729255DBA009E57BC /* ShareSheet */ = {
			isa = PBXGroup;
			children = (
				3CD24A6829255DC8009E57BC /* ShareSheet.swift */,
			);
			path = ShareSheet;
			sourceTree = "<group>";
		};
/* End PBXGroup section */

/* Begin PBXNativeTarget section */
		3C29EDE12922646D00DEF7E0 /* TheNews */ = {
			isa = PBXNativeTarget;
			buildConfigurationList = 3C29EE062922646E00DEF7E0 /* Build configuration list for PBXNativeTarget "TheNews" */;
			buildPhases = (
				3C29EDDE2922646D00DEF7E0 /* Sources */,
				3C29EDDF2922646D00DEF7E0 /* Frameworks */,
				3C29EDE02922646D00DEF7E0 /* Resources */,
				3C29EE85292267BB00DEF7E0 /* ShellScript */,
			);
			buildRules = (
			);
			dependencies = (
			);
			name = TheNews;
			packageProductDependencies = (
				3C3FC0632923A80100F7C019 /* ComposableArchitecture */,
				3C3FC0652923A80100F7C019 /* Dependencies */,
				3CD24A5F2924EF36009E57BC /* Kingfisher */,
			);
			productName = TheNews;
			productReference = 3C29EDE22922646D00DEF7E0 /* TheNews.app */;
			productType = "com.apple.product-type.application";
		};
		3C29EDF12922646E00DEF7E0 /* TheNewsTests */ = {
			isa = PBXNativeTarget;
			buildConfigurationList = 3C29EE092922646E00DEF7E0 /* Build configuration list for PBXNativeTarget "TheNewsTests" */;
			buildPhases = (
				3C29EDEE2922646E00DEF7E0 /* Sources */,
				3C29EDEF2922646E00DEF7E0 /* Frameworks */,
				3C29EDF02922646E00DEF7E0 /* Resources */,
			);
			buildRules = (
			);
			dependencies = (
				3C29EDF42922646E00DEF7E0 /* PBXTargetDependency */,
			);
			name = TheNewsTests;
			productName = TheNewsTests;
			productReference = 3C29EDF22922646E00DEF7E0 /* TheNewsTests.xctest */;
			productType = "com.apple.product-type.bundle.unit-test";
		};
		3C29EDFB2922646E00DEF7E0 /* TheNewsUITests */ = {
			isa = PBXNativeTarget;
			buildConfigurationList = 3C29EE0C2922646E00DEF7E0 /* Build configuration list for PBXNativeTarget "TheNewsUITests" */;
			buildPhases = (
				3C29EDF82922646E00DEF7E0 /* Sources */,
				3C29EDF92922646E00DEF7E0 /* Frameworks */,
				3C29EDFA2922646E00DEF7E0 /* Resources */,
			);
			buildRules = (
			);
			dependencies = (
				3C29EDFE2922646E00DEF7E0 /* PBXTargetDependency */,
			);
			name = TheNewsUITests;
			productName = TheNewsUITests;
			productReference = 3C29EDFC2922646E00DEF7E0 /* TheNewsUITests.xctest */;
			productType = "com.apple.product-type.bundle.ui-testing";
		};
/* End PBXNativeTarget section */

/* Begin PBXProject section */
		3C29EDDA2922646D00DEF7E0 /* Project object */ = {
			isa = PBXProject;
			attributes = {
				BuildIndependentTargetsInParallel = 1;
				LastSwiftUpdateCheck = 1410;
				LastUpgradeCheck = 1410;
				TargetAttributes = {
					3C29EDE12922646D00DEF7E0 = {
						CreatedOnToolsVersion = 14.1;
					};
					3C29EDF12922646E00DEF7E0 = {
						CreatedOnToolsVersion = 14.1;
						TestTargetID = 3C29EDE12922646D00DEF7E0;
					};
					3C29EDFB2922646E00DEF7E0 = {
						CreatedOnToolsVersion = 14.1;
						TestTargetID = 3C29EDE12922646D00DEF7E0;
					};
				};
			};
			buildConfigurationList = 3C29EDDD2922646D00DEF7E0 /* Build configuration list for PBXProject "TheNews" */;
			compatibilityVersion = "Xcode 14.0";
			developmentRegion = en;
			hasScannedForEncodings = 0;
			knownRegions = (
				en,
				Base,
				de,
			);
			mainGroup = 3C29EDD92922646D00DEF7E0;
			packageReferences = (
				3C3FC0622923A80100F7C019 /* XCRemoteSwiftPackageReference "swift-composable-architecture" */,
				3CD24A5E2924EF36009E57BC /* XCRemoteSwiftPackageReference "Kingfisher" */,
			);
			productRefGroup = 3C29EDE32922646D00DEF7E0 /* Products */;
			projectDirPath = "";
			projectRoot = "";
			targets = (
				3C29EDE12922646D00DEF7E0 /* TheNews */,
				3C29EDF12922646E00DEF7E0 /* TheNewsTests */,
				3C29EDFB2922646E00DEF7E0 /* TheNewsUITests */,
			);
		};
/* End PBXProject section */

/* Begin PBXResourcesBuildPhase section */
		3C29EDE02922646D00DEF7E0 /* Resources */ = {
			isa = PBXResourcesBuildPhase;
			buildActionMask = 2147483647;
			files = (
				3C8D601029227709001C95F2 /* Montserrat-Regular.ttf in Resources */,
				3C8D600E29227709001C95F2 /* Montserrat-Light.ttf in Resources */,
				3C8D600B29227709001C95F2 /* Colors.xcassets in Resources */,
				3C8D6045292279B7001C95F2 /* Launch Screen.storyboard in Resources */,
				3C8D600D29227709001C95F2 /* Montserrat-Medium.ttf in Resources */,
				3C8D600C29227709001C95F2 /* Images.xcassets in Resources */,
				3C29EDED2922646D00DEF7E0 /* Preview Assets.xcassets in Resources */,
				3C8D600A29227709001C95F2 /* Localizable.strings in Resources */,
				3C8D600F29227709001C95F2 /* Montserrat-Bold.ttf in Resources */,
			);
			runOnlyForDeploymentPostprocessing = 0;
		};
		3C29EDF02922646E00DEF7E0 /* Resources */ = {
			isa = PBXResourcesBuildPhase;
			buildActionMask = 2147483647;
			files = (
			);
			runOnlyForDeploymentPostprocessing = 0;
		};
		3C29EDFA2922646E00DEF7E0 /* Resources */ = {
			isa = PBXResourcesBuildPhase;
			buildActionMask = 2147483647;
			files = (
			);
			runOnlyForDeploymentPostprocessing = 0;
		};
/* End PBXResourcesBuildPhase section */

/* Begin PBXShellScriptBuildPhase section */
		3C29EE85292267BB00DEF7E0 /* ShellScript */ = {
			isa = PBXShellScriptBuildPhase;
			alwaysOutOfDate = 1;
			buildActionMask = 2147483647;
			files = (
			);
			inputFileListPaths = (
			);
			inputPaths = (
			);
			outputFileListPaths = (
			);
			outputPaths = (
			);
			runOnlyForDeploymentPostprocessing = 0;
			shellPath = /bin/sh;
			shellScript = "export PATH=\"$PATH:/opt/homebrew/bin\"\nif which swiftgen >/dev/null; then\n  cd SwiftGen\n  swiftgen\nelse\n  echo \"warning: SwiftGen not installed, download it from https://github.com/SwiftGen/SwiftGen\"\nfi\n";
		};
/* End PBXShellScriptBuildPhase section */

/* Begin PBXSourcesBuildPhase section */
		3C29EDDE2922646D00DEF7E0 /* Sources */ = {
			isa = PBXSourcesBuildPhase;
			buildActionMask = 2147483647;
			files = (
				3C29EE7E292264B700DEF7E0 /* NetworkConstants.swift in Sources */,
				3C8D6059292279B7001C95F2 /* LocalPreview.swift in Sources */,
				3C8D605A292279B7001C95F2 /* LocalizedContentView.swift in Sources */,
				3C29EE79292264B700DEF7E0 /* BaseRequest.swift in Sources */,
				3C8D605E292279B7001C95F2 /* PublisherObservableObject.swift in Sources */,
				3C3FC06C2923DF4A00F7C019 /* NewsListView.swift in Sources */,
				3CD24A6629255815009E57BC /* UIApplicationExtension.swift in Sources */,
				3C8D604A292279B7001C95F2 /* MasterView.swift in Sources */,
				3C8D6060292279B7001C95F2 /* Unwrap.swift in Sources */,
				3C8D6054292279B7001C95F2 /* LocalExtension.swift in Sources */,
				3C29EE7C292264B700DEF7E0 /* ApiFetcher.swift in Sources */,
				3C8D6055292279B7001C95F2 /* StringExtension.swift in Sources */,
				3C8D6057292279B7001C95F2 /* UINavigationExtenion.swift in Sources */,
				3C8D6056292279B7001C95F2 /* PublisherExtension.swift in Sources */,
				3CD24A6429254779009E57BC /* NewsDetailsView.swift in Sources */,
				3C8D6053292279B7001C95F2 /* ViewExtension.swift in Sources */,
				3C29EE7B292264B700DEF7E0 /* NetworkExtensions.swift in Sources */,
				3C8D6061292279B7001C95F2 /* AppFont.swift in Sources */,
				3C29EE7F292264B700DEF7E0 /* NewsRequests.swift in Sources */,
				3C8D60182922784C001C95F2 /* ImagesConstants.swift in Sources */,
				3C8D604F292279B7001C95F2 /* Refresher.swift in Sources */,
				3CD24A532924D9CF009E57BC /* NewsCell.swift in Sources */,
				3C3FC05D29238E2600F7C019 /* ArticleModel.swift in Sources */,
				3C29EE7D292264B700DEF7E0 /* NetworkMonitor.swift in Sources */,
				3C29EE7A292264B700DEF7E0 /* NetworkEnums.swift in Sources */,
				3C8D605B292279B7001C95F2 /* NetWorkHelper.swift in Sources */,
				3C8D604C292279B7001C95F2 /* WithViewSate.swift in Sources */,
				3C8D6047292279B7001C95F2 /* SplashView.swift in Sources */,
				3C3FC0612923A72A00F7C019 /* NewsService.swift in Sources */,
				3C8D605F292279B7001C95F2 /* UserDefaults.swift in Sources */,
				3C3FC05B29238DEF00F7C019 /* NewsListModel.swift in Sources */,
				3C8D604D292279B7001C95F2 /* UnImplmentedView.swift in Sources */,
				3C29EDE62922646D00DEF7E0 /* TheNewsApp.swift in Sources */,
				3C8D6058292279B7001C95F2 /* AppConstants.swift in Sources */,
				3C8D6046292279B7001C95F2 /* SettingView.swift in Sources */,
				3C3FC06A2923AC7100F7C019 /* NewsListFeature.swift in Sources */,
				3C8D601A29227976001C95F2 /* StringsConstants.swift in Sources */,
				3CD24A582924E101009E57BC /* DateFormaterExtension.swift in Sources */,
				3C8D604E292279B7001C95F2 /* ErrorView.swift in Sources */,
				3C8D6051292279B7001C95F2 /* ArrayExtention.swift in Sources */,
				3C8D605D292279B7001C95F2 /* Prefrances.swift in Sources */,
				3C8D605C292279B7001C95F2 /* Helpers.swift in Sources */,
				3C8D60172922784C001C95F2 /* ColorsConstants.swift in Sources */,
				3C8D6049292279B7001C95F2 /* TabBarView.swift in Sources */,
				3C8D6050292279B7001C95F2 /* BundelExtension.swift in Sources */,
				3C8D604B292279B7001C95F2 /* AppEnums.swift in Sources */,
				3C8D6052292279B7001C95F2 /* OptionalExtention.swift in Sources */,
				3C8D6048292279B7001C95F2 /* LanguageSelectionView.swift in Sources */,
				3CD24A6929255DC8009E57BC /* ShareSheet.swift in Sources */,
			);
			runOnlyForDeploymentPostprocessing = 0;
		};
		3C29EDEE2922646E00DEF7E0 /* Sources */ = {
			isa = PBXSourcesBuildPhase;
			buildActionMask = 2147483647;
			files = (
				3C29EDF72922646E00DEF7E0 /* TheNewsTests.swift in Sources */,
			);
			runOnlyForDeploymentPostprocessing = 0;
		};
		3C29EDF82922646E00DEF7E0 /* Sources */ = {
			isa = PBXSourcesBuildPhase;
			buildActionMask = 2147483647;
			files = (
				3C29EE012922646E00DEF7E0 /* TheNewsUITests.swift in Sources */,
				3C29EE032922646E00DEF7E0 /* TheNewsUITestsLaunchTests.swift in Sources */,
			);
			runOnlyForDeploymentPostprocessing = 0;
		};
/* End PBXSourcesBuildPhase section */

/* Begin PBXTargetDependency section */
		3C29EDF42922646E00DEF7E0 /* PBXTargetDependency */ = {
			isa = PBXTargetDependency;
			target = 3C29EDE12922646D00DEF7E0 /* TheNews */;
			targetProxy = 3C29EDF32922646E00DEF7E0 /* PBXContainerItemProxy */;
		};
		3C29EDFE2922646E00DEF7E0 /* PBXTargetDependency */ = {
			isa = PBXTargetDependency;
			target = 3C29EDE12922646D00DEF7E0 /* TheNews */;
			targetProxy = 3C29EDFD2922646E00DEF7E0 /* PBXContainerItemProxy */;
		};
/* End PBXTargetDependency section */

/* Begin PBXVariantGroup section */
		3C8D600029227709001C95F2 /* Localizable.strings */ = {
			isa = PBXVariantGroup;
			children = (
				3C8D600129227709001C95F2 /* de */,
				3C8D600329227709001C95F2 /* en */,
			);
			name = Localizable.strings;
			sourceTree = "<group>";
		};
/* End PBXVariantGroup section */

/* Begin XCBuildConfiguration section */
		3C29EE042922646E00DEF7E0 /* Debug */ = {
			isa = XCBuildConfiguration;
			buildSettings = {
				ALWAYS_SEARCH_USER_PATHS = NO;
				CLANG_ANALYZER_NONNULL = YES;
				CLANG_ANALYZER_NUMBER_OBJECT_CONVERSION = YES_AGGRESSIVE;
				CLANG_CXX_LANGUAGE_STANDARD = "gnu++20";
				CLANG_ENABLE_MODULES = YES;
				CLANG_ENABLE_OBJC_ARC = YES;
				CLANG_ENABLE_OBJC_WEAK = YES;
				CLANG_WARN_BLOCK_CAPTURE_AUTORELEASING = YES;
				CLANG_WARN_BOOL_CONVERSION = YES;
				CLANG_WARN_COMMA = YES;
				CLANG_WARN_CONSTANT_CONVERSION = YES;
				CLANG_WARN_DEPRECATED_OBJC_IMPLEMENTATIONS = YES;
				CLANG_WARN_DIRECT_OBJC_ISA_USAGE = YES_ERROR;
				CLANG_WARN_DOCUMENTATION_COMMENTS = YES;
				CLANG_WARN_EMPTY_BODY = YES;
				CLANG_WARN_ENUM_CONVERSION = YES;
				CLANG_WARN_INFINITE_RECURSION = YES;
				CLANG_WARN_INT_CONVERSION = YES;
				CLANG_WARN_NON_LITERAL_NULL_CONVERSION = YES;
				CLANG_WARN_OBJC_IMPLICIT_RETAIN_SELF = YES;
				CLANG_WARN_OBJC_LITERAL_CONVERSION = YES;
				CLANG_WARN_OBJC_ROOT_CLASS = YES_ERROR;
				CLANG_WARN_QUOTED_INCLUDE_IN_FRAMEWORK_HEADER = YES;
				CLANG_WARN_RANGE_LOOP_ANALYSIS = YES;
				CLANG_WARN_STRICT_PROTOTYPES = YES;
				CLANG_WARN_SUSPICIOUS_MOVE = YES;
				CLANG_WARN_UNGUARDED_AVAILABILITY = YES_AGGRESSIVE;
				CLANG_WARN_UNREACHABLE_CODE = YES;
				CLANG_WARN__DUPLICATE_METHOD_MATCH = YES;
				COPY_PHASE_STRIP = NO;
				DEBUG_INFORMATION_FORMAT = dwarf;
				ENABLE_STRICT_OBJC_MSGSEND = YES;
				ENABLE_TESTABILITY = YES;
				GCC_C_LANGUAGE_STANDARD = gnu11;
				GCC_DYNAMIC_NO_PIC = NO;
				GCC_NO_COMMON_BLOCKS = YES;
				GCC_OPTIMIZATION_LEVEL = 0;
				GCC_PREPROCESSOR_DEFINITIONS = (
					"DEBUG=1",
					"$(inherited)",
				);
				GCC_WARN_64_TO_32_BIT_CONVERSION = YES;
				GCC_WARN_ABOUT_RETURN_TYPE = YES_ERROR;
				GCC_WARN_UNDECLARED_SELECTOR = YES;
				GCC_WARN_UNINITIALIZED_AUTOS = YES_AGGRESSIVE;
				GCC_WARN_UNUSED_FUNCTION = YES;
				GCC_WARN_UNUSED_VARIABLE = YES;
				IPHONEOS_DEPLOYMENT_TARGET = 16.1;
				MTL_ENABLE_DEBUG_INFO = INCLUDE_SOURCE;
				MTL_FAST_MATH = YES;
				ONLY_ACTIVE_ARCH = YES;
				SDKROOT = iphoneos;
				SWIFT_ACTIVE_COMPILATION_CONDITIONS = DEBUG;
				SWIFT_OPTIMIZATION_LEVEL = "-Onone";
			};
			name = Debug;
		};
		3C29EE052922646E00DEF7E0 /* Release */ = {
			isa = XCBuildConfiguration;
			buildSettings = {
				ALWAYS_SEARCH_USER_PATHS = NO;
				CLANG_ANALYZER_NONNULL = YES;
				CLANG_ANALYZER_NUMBER_OBJECT_CONVERSION = YES_AGGRESSIVE;
				CLANG_CXX_LANGUAGE_STANDARD = "gnu++20";
				CLANG_ENABLE_MODULES = YES;
				CLANG_ENABLE_OBJC_ARC = YES;
				CLANG_ENABLE_OBJC_WEAK = YES;
				CLANG_WARN_BLOCK_CAPTURE_AUTORELEASING = YES;
				CLANG_WARN_BOOL_CONVERSION = YES;
				CLANG_WARN_COMMA = YES;
				CLANG_WARN_CONSTANT_CONVERSION = YES;
				CLANG_WARN_DEPRECATED_OBJC_IMPLEMENTATIONS = YES;
				CLANG_WARN_DIRECT_OBJC_ISA_USAGE = YES_ERROR;
				CLANG_WARN_DOCUMENTATION_COMMENTS = YES;
				CLANG_WARN_EMPTY_BODY = YES;
				CLANG_WARN_ENUM_CONVERSION = YES;
				CLANG_WARN_INFINITE_RECURSION = YES;
				CLANG_WARN_INT_CONVERSION = YES;
				CLANG_WARN_NON_LITERAL_NULL_CONVERSION = YES;
				CLANG_WARN_OBJC_IMPLICIT_RETAIN_SELF = YES;
				CLANG_WARN_OBJC_LITERAL_CONVERSION = YES;
				CLANG_WARN_OBJC_ROOT_CLASS = YES_ERROR;
				CLANG_WARN_QUOTED_INCLUDE_IN_FRAMEWORK_HEADER = YES;
				CLANG_WARN_RANGE_LOOP_ANALYSIS = YES;
				CLANG_WARN_STRICT_PROTOTYPES = YES;
				CLANG_WARN_SUSPICIOUS_MOVE = YES;
				CLANG_WARN_UNGUARDED_AVAILABILITY = YES_AGGRESSIVE;
				CLANG_WARN_UNREACHABLE_CODE = YES;
				CLANG_WARN__DUPLICATE_METHOD_MATCH = YES;
				COPY_PHASE_STRIP = NO;
				DEBUG_INFORMATION_FORMAT = "dwarf-with-dsym";
				ENABLE_NS_ASSERTIONS = NO;
				ENABLE_STRICT_OBJC_MSGSEND = YES;
				GCC_C_LANGUAGE_STANDARD = gnu11;
				GCC_NO_COMMON_BLOCKS = YES;
				GCC_WARN_64_TO_32_BIT_CONVERSION = YES;
				GCC_WARN_ABOUT_RETURN_TYPE = YES_ERROR;
				GCC_WARN_UNDECLARED_SELECTOR = YES;
				GCC_WARN_UNINITIALIZED_AUTOS = YES_AGGRESSIVE;
				GCC_WARN_UNUSED_FUNCTION = YES;
				GCC_WARN_UNUSED_VARIABLE = YES;
				IPHONEOS_DEPLOYMENT_TARGET = 16.1;
				MTL_ENABLE_DEBUG_INFO = NO;
				MTL_FAST_MATH = YES;
				SDKROOT = iphoneos;
				SWIFT_COMPILATION_MODE = wholemodule;
				SWIFT_OPTIMIZATION_LEVEL = "-O";
				VALIDATE_PRODUCT = YES;
			};
			name = Release;
		};
		3C29EE072922646E00DEF7E0 /* Debug */ = {
			isa = XCBuildConfiguration;
			buildSettings = {
				ASSETCATALOG_COMPILER_APPICON_NAME = AppIcon;
				ASSETCATALOG_COMPILER_GLOBAL_ACCENT_COLOR_NAME = AccentColor;
				CODE_SIGN_STYLE = Automatic;
				CURRENT_PROJECT_VERSION = 1;
				DEVELOPMENT_ASSET_PATHS = "\"TheNews/Preview Content\"";
				DEVELOPMENT_TEAM = JPMQ9K77T6;
				ENABLE_PREVIEWS = YES;
				GENERATE_INFOPLIST_FILE = YES;
				INFOPLIST_FILE = TheNews/App/Info.plist;
				INFOPLIST_KEY_UIApplicationSceneManifest_Generation = YES;
				INFOPLIST_KEY_UIApplicationSupportsIndirectInputEvents = YES;
				INFOPLIST_KEY_UILaunchScreen_Generation = YES;
				INFOPLIST_KEY_UILaunchStoryboardName = "Launch Screen.storyboard";
				INFOPLIST_KEY_UIStatusBarStyle = UIStatusBarStyleLightContent;
				INFOPLIST_KEY_UISupportedInterfaceOrientations = UIInterfaceOrientationPortrait;
				INFOPLIST_KEY_UISupportedInterfaceOrientations_iPad = "UIInterfaceOrientationLandscapeLeft UIInterfaceOrientationLandscapeRight UIInterfaceOrientationPortrait UIInterfaceOrientationPortraitUpsideDown";
				IPHONEOS_DEPLOYMENT_TARGET = 15.0;
				LD_RUNPATH_SEARCH_PATHS = (
					"$(inherited)",
					"@executable_path/Frameworks",
				);
				MARKETING_VERSION = 1.0;
				PRODUCT_BUNDLE_IDENTIFIER = com.bakr.TheNews;
				PRODUCT_NAME = "$(TARGET_NAME)";
				SUPPORTED_PLATFORMS = "iphoneos iphonesimulator";
				SUPPORTS_MACCATALYST = NO;
				SUPPORTS_MAC_DESIGNED_FOR_IPHONE_IPAD = NO;
				SWIFT_EMIT_LOC_STRINGS = YES;
				SWIFT_VERSION = 5.0;
				TARGETED_DEVICE_FAMILY = 1;
			};
			name = Debug;
		};
		3C29EE082922646E00DEF7E0 /* Release */ = {
			isa = XCBuildConfiguration;
			buildSettings = {
				ASSETCATALOG_COMPILER_APPICON_NAME = AppIcon;
				ASSETCATALOG_COMPILER_GLOBAL_ACCENT_COLOR_NAME = AccentColor;
				CODE_SIGN_STYLE = Automatic;
				CURRENT_PROJECT_VERSION = 1;
				DEVELOPMENT_ASSET_PATHS = "\"TheNews/Preview Content\"";
				DEVELOPMENT_TEAM = JPMQ9K77T6;
				ENABLE_PREVIEWS = YES;
				GENERATE_INFOPLIST_FILE = YES;
				INFOPLIST_FILE = TheNews/App/Info.plist;
				INFOPLIST_KEY_UIApplicationSceneManifest_Generation = YES;
				INFOPLIST_KEY_UIApplicationSupportsIndirectInputEvents = YES;
				INFOPLIST_KEY_UILaunchScreen_Generation = YES;
				INFOPLIST_KEY_UILaunchStoryboardName = "Launch Screen.storyboard";
				INFOPLIST_KEY_UIStatusBarStyle = UIStatusBarStyleLightContent;
				INFOPLIST_KEY_UISupportedInterfaceOrientations = UIInterfaceOrientationPortrait;
				INFOPLIST_KEY_UISupportedInterfaceOrientations_iPad = "UIInterfaceOrientationLandscapeLeft UIInterfaceOrientationLandscapeRight UIInterfaceOrientationPortrait UIInterfaceOrientationPortraitUpsideDown";
				IPHONEOS_DEPLOYMENT_TARGET = 15.0;
				LD_RUNPATH_SEARCH_PATHS = (
					"$(inherited)",
					"@executable_path/Frameworks",
				);
				MARKETING_VERSION = 1.0;
				PRODUCT_BUNDLE_IDENTIFIER = com.bakr.TheNews;
				PRODUCT_NAME = "$(TARGET_NAME)";
				SUPPORTED_PLATFORMS = "iphoneos iphonesimulator";
				SUPPORTS_MACCATALYST = NO;
				SUPPORTS_MAC_DESIGNED_FOR_IPHONE_IPAD = NO;
				SWIFT_EMIT_LOC_STRINGS = YES;
				SWIFT_VERSION = 5.0;
				TARGETED_DEVICE_FAMILY = 1;
			};
			name = Release;
		};
		3C29EE0A2922646E00DEF7E0 /* Debug */ = {
			isa = XCBuildConfiguration;
			buildSettings = {
				ALWAYS_EMBED_SWIFT_STANDARD_LIBRARIES = YES;
				BUNDLE_LOADER = "$(TEST_HOST)";
				CODE_SIGN_STYLE = Automatic;
				CURRENT_PROJECT_VERSION = 1;
				DEVELOPMENT_TEAM = JPMQ9K77T6;
				GENERATE_INFOPLIST_FILE = YES;
				IPHONEOS_DEPLOYMENT_TARGET = 16.1;
				MARKETING_VERSION = 1.0;
				PRODUCT_BUNDLE_IDENTIFIER = com.bakr.TheNewsTests;
				PRODUCT_NAME = "$(TARGET_NAME)";
				SWIFT_EMIT_LOC_STRINGS = NO;
				SWIFT_VERSION = 5.0;
				TARGETED_DEVICE_FAMILY = "1,2";
				TEST_HOST = "$(BUILT_PRODUCTS_DIR)/TheNews.app/$(BUNDLE_EXECUTABLE_FOLDER_PATH)/TheNews";
			};
			name = Debug;
		};
		3C29EE0B2922646E00DEF7E0 /* Release */ = {
			isa = XCBuildConfiguration;
			buildSettings = {
				ALWAYS_EMBED_SWIFT_STANDARD_LIBRARIES = YES;
				BUNDLE_LOADER = "$(TEST_HOST)";
				CODE_SIGN_STYLE = Automatic;
				CURRENT_PROJECT_VERSION = 1;
				DEVELOPMENT_TEAM = JPMQ9K77T6;
				GENERATE_INFOPLIST_FILE = YES;
				IPHONEOS_DEPLOYMENT_TARGET = 16.1;
				MARKETING_VERSION = 1.0;
				PRODUCT_BUNDLE_IDENTIFIER = com.bakr.TheNewsTests;
				PRODUCT_NAME = "$(TARGET_NAME)";
				SWIFT_EMIT_LOC_STRINGS = NO;
				SWIFT_VERSION = 5.0;
				TARGETED_DEVICE_FAMILY = "1,2";
				TEST_HOST = "$(BUILT_PRODUCTS_DIR)/TheNews.app/$(BUNDLE_EXECUTABLE_FOLDER_PATH)/TheNews";
			};
			name = Release;
		};
		3C29EE0D2922646E00DEF7E0 /* Debug */ = {
			isa = XCBuildConfiguration;
			buildSettings = {
				ALWAYS_EMBED_SWIFT_STANDARD_LIBRARIES = YES;
				CODE_SIGN_STYLE = Automatic;
				CURRENT_PROJECT_VERSION = 1;
				DEVELOPMENT_TEAM = JPMQ9K77T6;
				GENERATE_INFOPLIST_FILE = YES;
				MARKETING_VERSION = 1.0;
				PRODUCT_BUNDLE_IDENTIFIER = com.bakr.TheNewsUITests;
				PRODUCT_NAME = "$(TARGET_NAME)";
				SWIFT_EMIT_LOC_STRINGS = NO;
				SWIFT_VERSION = 5.0;
				TARGETED_DEVICE_FAMILY = "1,2";
				TEST_TARGET_NAME = TheNews;
			};
			name = Debug;
		};
		3C29EE0E2922646E00DEF7E0 /* Release */ = {
			isa = XCBuildConfiguration;
			buildSettings = {
				ALWAYS_EMBED_SWIFT_STANDARD_LIBRARIES = YES;
				CODE_SIGN_STYLE = Automatic;
				CURRENT_PROJECT_VERSION = 1;
				DEVELOPMENT_TEAM = JPMQ9K77T6;
				GENERATE_INFOPLIST_FILE = YES;
				MARKETING_VERSION = 1.0;
				PRODUCT_BUNDLE_IDENTIFIER = com.bakr.TheNewsUITests;
				PRODUCT_NAME = "$(TARGET_NAME)";
				SWIFT_EMIT_LOC_STRINGS = NO;
				SWIFT_VERSION = 5.0;
				TARGETED_DEVICE_FAMILY = "1,2";
				TEST_TARGET_NAME = TheNews;
			};
			name = Release;
		};
/* End XCBuildConfiguration section */

/* Begin XCConfigurationList section */
		3C29EDDD2922646D00DEF7E0 /* Build configuration list for PBXProject "TheNews" */ = {
			isa = XCConfigurationList;
			buildConfigurations = (
				3C29EE042922646E00DEF7E0 /* Debug */,
				3C29EE052922646E00DEF7E0 /* Release */,
			);
			defaultConfigurationIsVisible = 0;
			defaultConfigurationName = Release;
		};
		3C29EE062922646E00DEF7E0 /* Build configuration list for PBXNativeTarget "TheNews" */ = {
			isa = XCConfigurationList;
			buildConfigurations = (
				3C29EE072922646E00DEF7E0 /* Debug */,
				3C29EE082922646E00DEF7E0 /* Release */,
			);
			defaultConfigurationIsVisible = 0;
			defaultConfigurationName = Release;
		};
		3C29EE092922646E00DEF7E0 /* Build configuration list for PBXNativeTarget "TheNewsTests" */ = {
			isa = XCConfigurationList;
			buildConfigurations = (
				3C29EE0A2922646E00DEF7E0 /* Debug */,
				3C29EE0B2922646E00DEF7E0 /* Release */,
			);
			defaultConfigurationIsVisible = 0;
			defaultConfigurationName = Release;
		};
		3C29EE0C2922646E00DEF7E0 /* Build configuration list for PBXNativeTarget "TheNewsUITests" */ = {
			isa = XCConfigurationList;
			buildConfigurations = (
				3C29EE0D2922646E00DEF7E0 /* Debug */,
				3C29EE0E2922646E00DEF7E0 /* Release */,
			);
			defaultConfigurationIsVisible = 0;
			defaultConfigurationName = Release;
		};
/* End XCConfigurationList section */

/* Begin XCRemoteSwiftPackageReference section */
		3C3FC0622923A80100F7C019 /* XCRemoteSwiftPackageReference "swift-composable-architecture" */ = {
			isa = XCRemoteSwiftPackageReference;
			repositoryURL = "https://github.com/pointfreeco/swift-composable-architecture.git";
			requirement = {
				kind = exactVersion;
				version = 0.45.0;
			};
		};
		3CD24A5E2924EF36009E57BC /* XCRemoteSwiftPackageReference "Kingfisher" */ = {
			isa = XCRemoteSwiftPackageReference;
			repositoryURL = "https://github.com/onevcat/Kingfisher.git";
			requirement = {
				kind = exactVersion;
				version = 7.4.1;
			};
		};
/* End XCRemoteSwiftPackageReference section */

/* Begin XCSwiftPackageProductDependency section */
		3C3FC0632923A80100F7C019 /* ComposableArchitecture */ = {
			isa = XCSwiftPackageProductDependency;
			package = 3C3FC0622923A80100F7C019 /* XCRemoteSwiftPackageReference "swift-composable-architecture" */;
			productName = ComposableArchitecture;
		};
		3C3FC0652923A80100F7C019 /* Dependencies */ = {
			isa = XCSwiftPackageProductDependency;
			package = 3C3FC0622923A80100F7C019 /* XCRemoteSwiftPackageReference "swift-composable-architecture" */;
			productName = Dependencies;
		};
		3CD24A5F2924EF36009E57BC /* Kingfisher */ = {
			isa = XCSwiftPackageProductDependency;
			package = 3CD24A5E2924EF36009E57BC /* XCRemoteSwiftPackageReference "Kingfisher" */;
			productName = Kingfisher;
		};
/* End XCSwiftPackageProductDependency section */
	};
	rootObject = 3C29EDDA2922646D00DEF7E0 /* Project object */;
}
